
Microsoft Visual Studio Solution File, Format Version 12.00
# Visual Studio Version 17
VisualStudioVersion = 17.5.33502.453
MinimumVisualStudioVersion = 10.0.40219.1
Project("{FAE04EC0-301F-11D3-BF4B-00C04F79EFBC}") = "Test", "Test\Test.csproj", "{D50FAD01-3310-466D-9F1D-924CB453DBD0}"
EndProject
Global
	GlobalSection(SolutionConfigurationPlatforms) = preSolution
		Debug|Any CPU = Debug|Any CPU
		Release|Any CPU = Release|Any CPU
	EndGlobalSection
	GlobalSection(ProjectConfigurationPlatforms) = postSolution
		{D50FAD01-3310-466D-9F1D-924CB453DBD0}.Debug|Any CPU.ActiveCfg = Debug|Any CPU
		{D50FAD01-3310-466D-9F1D-924CB453DBD0}.Debug|Any CPU.Build.0 = Debug|Any CPU
		{D50FAD01-3310-466D-9F1D-924CB453DBD0}.Release|Any CPU.ActiveCfg = Release|Any CPU
		{D50FAD01-3310-466D-9F1D-924CB453DBD0}.Release|Any CPU.Build.0 = Release|Any CPU
	EndGlobalSection
	GlobalSection(SolutionProperties) = preSolution
		HideSolutionNode = FALSE
	EndGlobalSection
	GlobalSection(ExtensibilityGlobals) = postSolution
		SolutionGuid = {374CD345-637F-457B-8FBB-80DE94CDBAD4}
	EndGlobalSection
EndGlobal
